// !$*UTF8*$!
{
	archiveVersion = 1;
	classes = {
	};
	objectVersion = 48;
	objects = {

/* Begin PBXBuildFile section */
		8413B3AA2061507E00877907 /* AppDelegate.swift in Sources */ = {isa = PBXBuildFile; fileRef = 8413B3A92061507E00877907 /* AppDelegate.swift */; };
		8413B3AC2061507E00877907 /* ViewController.swift in Sources */ = {isa = PBXBuildFile; fileRef = 8413B3AB2061507E00877907 /* ViewController.swift */; };
		8413B3AF2061507E00877907 /* Main.storyboard in Resources */ = {isa = PBXBuildFile; fileRef = 8413B3AD2061507E00877907 /* Main.storyboard */; };
		8413B3B12061507E00877907 /* Assets.xcassets in Resources */ = {isa = PBXBuildFile; fileRef = 8413B3B02061507E00877907 /* Assets.xcassets */; };
		8413B3B42061507E00877907 /* LaunchScreen.storyboard in Resources */ = {isa = PBXBuildFile; fileRef = 8413B3B22061507E00877907 /* LaunchScreen.storyboard */; };
		8413B3BC206151E600877907 /* Data.swift in Sources */ = {isa = PBXBuildFile; fileRef = 8413B3BB206151E600877907 /* Data.swift */; };
		847FEF3B206174F30062D7C1 /* ProfileViewController.swift in Sources */ = {isa = PBXBuildFile; fileRef = 847FEF3A206174F30062D7C1 /* ProfileViewController.swift */; };
		847FEF412061EA2B0062D7C1 /* profile.json in Resources */ = {isa = PBXBuildFile; fileRef = 847FEF402061EA2A0062D7C1 /* profile.json */; };
		847FEF43206214010062D7C1 /* SecretViewController.swift in Sources */ = {isa = PBXBuildFile; fileRef = 847FEF42206214010062D7C1 /* SecretViewController.swift */; };
/* End PBXBuildFile section */

/* Begin PBXFileReference section */
		8413B3A62061507E00877907 /* thinc-5th-hack-ios-tutorial-1.app */ = {isa = PBXFileReference; explicitFileType = wrapper.application; includeInIndex = 0; path = "thinc-5th-hack-ios-tutorial-1.app"; sourceTree = BUILT_PRODUCTS_DIR; };
		8413B3A92061507E00877907 /* AppDelegate.swift */ = {isa = PBXFileReference; lastKnownFileType = sourcecode.swift; path = AppDelegate.swift; sourceTree = "<group>"; };
		8413B3AB2061507E00877907 /* ViewController.swift */ = {isa = PBXFileReference; lastKnownFileType = sourcecode.swift; path = ViewController.swift; sourceTree = "<group>"; };
		8413B3AE2061507E00877907 /* Base */ = {isa = PBXFileReference; lastKnownFileType = file.storyboard; name = Base; path = Base.lproj/Main.storyboard; sourceTree = "<group>"; };
		8413B3B02061507E00877907 /* Assets.xcassets */ = {isa = PBXFileReference; lastKnownFileType = folder.assetcatalog; path = Assets.xcassets; sourceTree = "<group>"; };
		8413B3B32061507E00877907 /* Base */ = {isa = PBXFileReference; lastKnownFileType = file.storyboard; name = Base; path = Base.lproj/LaunchScreen.storyboard; sourceTree = "<group>"; };
		8413B3B52061507E00877907 /* Info.plist */ = {isa = PBXFileReference; lastKnownFileType = text.plist.xml; path = Info.plist; sourceTree = "<group>"; };
		8413B3BB206151E600877907 /* Data.swift */ = {isa = PBXFileReference; lastKnownFileType = sourcecode.swift; path = Data.swift; sourceTree = "<group>"; };
		847FEF3A206174F30062D7C1 /* ProfileViewController.swift */ = {isa = PBXFileReference; lastKnownFileType = sourcecode.swift; path = ProfileViewController.swift; sourceTree = "<group>"; };
		847FEF402061EA2A0062D7C1 /* profile.json */ = {isa = PBXFileReference; fileEncoding = 4; lastKnownFileType = text.json; path = profile.json; sourceTree = "<group>"; };
		847FEF42206214010062D7C1 /* SecretViewController.swift */ = {isa = PBXFileReference; lastKnownFileType = sourcecode.swift; path = SecretViewController.swift; sourceTree = "<group>"; };
/* End PBXFileReference section */

/* Begin PBXFrameworksBuildPhase section */
		8413B3A32061507E00877907 /* Frameworks */ = {
			isa = PBXFrameworksBuildPhase;
			buildActionMask = 2147483647;
			files = (
			);
			runOnlyForDeploymentPostprocessing = 0;
		};
/* End PBXFrameworksBuildPhase section */

/* Begin PBXGroup section */
		8413B39D2061507D00877907 = {
			isa = PBXGroup;
			children = (
				8413B3A82061507E00877907 /* thinc-5th-hack-ios-tutorial-1 */,
				8413B3A72061507E00877907 /* Products */,
			);
			sourceTree = "<group>";
		};
		8413B3A72061507E00877907 /* Products */ = {
			isa = PBXGroup;
			children = (
				8413B3A62061507E00877907 /* thinc-5th-hack-ios-tutorial-1.app */,
			);
			name = Products;
			sourceTree = "<group>";
		};
		8413B3A82061507E00877907 /* thinc-5th-hack-ios-tutorial-1 */ = {
			isa = PBXGroup;
			children = (
				8413B3A92061507E00877907 /* AppDelegate.swift */,
				8413B3AB2061507E00877907 /* ViewController.swift */,
				8413B3AD2061507E00877907 /* Main.storyboard */,
				8413B3B02061507E00877907 /* Assets.xcassets */,
				8413B3B22061507E00877907 /* LaunchScreen.storyboard */,
				8413B3B52061507E00877907 /* Info.plist */,
				847FEF402061EA2A0062D7C1 /* profile.json */,
				8413B3BB206151E600877907 /* Data.swift */,
				847FEF3A206174F30062D7C1 /* ProfileViewController.swift */,
				847FEF42206214010062D7C1 /* SecretViewController.swift */,
			);
			path = "thinc-5th-hack-ios-tutorial-1";
			sourceTree = "<group>";
		};
/* End PBXGroup section */

/* Begin PBXNativeTarget section */
		8413B3A52061507E00877907 /* thinc-5th-hack-ios-tutorial-1 */ = {
			isa = PBXNativeTarget;
			buildConfigurationList = 8413B3B82061507E00877907 /* Build configuration list for PBXNativeTarget "thinc-5th-hack-ios-tutorial-1" */;
			buildPhases = (
				8413B3A22061507E00877907 /* Sources */,
				8413B3A32061507E00877907 /* Frameworks */,
				8413B3A42061507E00877907 /* Resources */,
			);
			buildRules = (
			);
			dependencies = (
			);
			name = "thinc-5th-hack-ios-tutorial-1";
			productName = "thinc-5th-hack-ios-tutorial-1";
			productReference = 8413B3A62061507E00877907 /* thinc-5th-hack-ios-tutorial-1.app */;
			productType = "com.apple.product-type.application";
		};
/* End PBXNativeTarget section */

/* Begin PBXProject section */
		8413B39E2061507D00877907 /* Project object */ = {
			isa = PBXProject;
			attributes = {
				LastSwiftUpdateCheck = 0920;
				LastUpgradeCheck = 0920;
				ORGANIZATIONNAME = mrsunboy;
				TargetAttributes = {
					8413B3A52061507E00877907 = {
						CreatedOnToolsVersion = 9.2;
						ProvisioningStyle = Automatic;
					};
				};
			};
			buildConfigurationList = 8413B3A12061507D00877907 /* Build configuration list for PBXProject "thinc-5th-hack-ios-tutorial-1" */;
			compatibilityVersion = "Xcode 8.0";
			developmentRegion = en;
			hasScannedForEncodings = 0;
			knownRegions = (
				en,
				Base,
			);
			mainGroup = 8413B39D2061507D00877907;
			productRefGroup = 8413B3A72061507E00877907 /* Products */;
			projectDirPath = "";
			projectRoot = "";
			targets = (
				8413B3A52061507E00877907 /* thinc-5th-hack-ios-tutorial-1 */,
			);
		};
/* End PBXProject section */

/* Begin PBXResourcesBuildPhase section */
		8413B3A42061507E00877907 /* Resources */ = {
			isa = PBXResourcesBuildPhase;
			buildActionMask = 2147483647;
			files = (
				8413B3B42061507E00877907 /* LaunchScreen.storyboard in Resources */,
				847FEF412061EA2B0062D7C1 /* profile.json in Resources */,
				8413B3B12061507E00877907 /* Assets.xcassets in Resources */,
				8413B3AF2061507E00877907 /* Main.storyboard in Resources */,
			);
			runOnlyForDeploymentPostprocessing = 0;
		};
/* End PBXResourcesBuildPhase section */

/* Begin PBXSourcesBuildPhase section */
		8413B3A22061507E00877907 /* Sources */ = {
			isa = PBXSourcesBuildPhase;
			buildActionMask = 2147483647;
			files = (
				847FEF43206214010062D7C1 /* SecretViewController.swift in Sources */,
				8413B3AC2061507E00877907 /* ViewController.swift in Sources */,
				8413B3BC206151E600877907 /* Data.swift in Sources */,
				847FEF3B206174F30062D7C1 /* ProfileViewController.swift in Sources */,
				8413B3AA2061507E00877907 /* AppDelegate.swift in Sources */,
			);
			runOnlyForDeploymentPostprocessing = 0;
		};
/* End PBXSourcesBuildPhase section */

/* Begin PBXVariantGroup section */
		8413B3AD2061507E00877907 /* Main.storyboard */ = {
			isa = PBXVariantGroup;
			children = (
				8413B3AE2061507E00877907 /* Base */,
			);
			name = Main.storyboard;
			sourceTree = "<group>";
		};
		8413B3B22061507E00877907 /* LaunchScreen.storyboard */ = {
			isa = PBXVariantGroup;
			children = (
				8413B3B32061507E00877907 /* Base */,
			);
			name = LaunchScreen.storyboard;
			sourceTree = "<group>";
		};
/* End PBXVariantGroup section */

/* Begin XCBuildConfiguration section */
		8413B3B62061507E00877907 /* Debug */ = {
			isa = XCBuildConfiguration;
			buildSettings = {
				ALWAYS_SEARCH_USER_PATHS = NO;
				CLANG_ANALYZER_NONNULL = YES;
				CLANG_ANALYZER_NUMBER_OBJECT_CONVERSION = YES_AGGRESSIVE;
				CLANG_CXX_LANGUAGE_STANDARD = "gnu++14";
				CLANG_CXX_LIBRARY = "libc++";
				CLANG_ENABLE_MODULES = YES;
				CLANG_ENABLE_OBJC_ARC = YES;
				CLANG_WARN_BLOCK_CAPTURE_AUTORELEASING = YES;
				CLANG_WARN_BOOL_CONVERSION = YES;
				CLANG_WARN_COMMA = YES;
				CLANG_WARN_CONSTANT_CONVERSION = YES;
				CLANG_WARN_DIRECT_OBJC_ISA_USAGE = YES_ERROR;
				CLANG_WARN_DOCUMENTATION_COMMENTS = YES;
				CLANG_WARN_EMPTY_BODY = YES;
				CLANG_WARN_ENUM_CONVERSION = YES;
				CLANG_WARN_INFINITE_RECURSION = YES;
				CLANG_WARN_INT_CONVERSION = YES;
				CLANG_WARN_NON_LITERAL_NULL_CONVERSION = YES;
				CLANG_WARN_OBJC_LITERAL_CONVERSION = YES;
				CLANG_WARN_OBJC_ROOT_CLASS = YES_ERROR;
				CLANG_WARN_RANGE_LOOP_ANALYSIS = YES;
				CLANG_WARN_STRICT_PROTOTYPES = YES;
				CLANG_WARN_SUSPICIOUS_MOVE = YES;
				CLANG_WARN_UNGUARDED_AVAILABILITY = YES_AGGRESSIVE;
				CLANG_WARN_UNREACHABLE_CODE = YES;
				CLANG_WARN__DUPLICATE_METHOD_MATCH = YES;
				CODE_SIGN_IDENTITY = "iPhone Developer";
				COPY_PHASE_STRIP = NO;
				DEBUG_INFORMATION_FORMAT = dwarf;
				ENABLE_STRICT_OBJC_MSGSEND = YES;
				ENABLE_TESTABILITY = YES;
				GCC_C_LANGUAGE_STANDARD = gnu11;
				GCC_DYNAMIC_NO_PIC = NO;
				GCC_NO_COMMON_BLOCKS = YES;
				GCC_OPTIMIZATION_LEVEL = 0;
				GCC_PREPROCESSOR_DEFINITIONS = (
					"DEBUG=1",
					"$(inherited)",
				);
				GCC_WARN_64_TO_32_BIT_CONVERSION = YES;
				GCC_WARN_ABOUT_RETURN_TYPE = YES_ERROR;
				GCC_WARN_UNDECLARED_SELECTOR = YES;
				GCC_WARN_UNINITIALIZED_AUTOS = YES_AGGRESSIVE;
				GCC_WARN_UNUSED_FUNCTION = YES;
				GCC_WARN_UNUSED_VARIABLE = YES;
				IPHONEOS_DEPLOYMENT_TARGET = 11.2;
				MTL_ENABLE_DEBUG_INFO = YES;
				ONLY_ACTIVE_ARCH = YES;
				SDKROOT = iphoneos;
				SWIFT_ACTIVE_COMPILATION_CONDITIONS = DEBUG;
				SWIFT_OPTIMIZATION_LEVEL = "-Onone";
			};
			name = Debug;
		};
		8413B3B72061507E00877907 /* Release */ = {
			isa = XCBuildConfiguration;
			buildSettings = {
				ALWAYS_SEARCH_USER_PATHS = NO;
				CLANG_ANALYZER_NONNULL = YES;
				CLANG_ANALYZER_NUMBER_OBJECT_CONVERSION = YES_AGGRESSIVE;
				CLANG_CXX_LANGUAGE_STANDARD = "gnu++14";
				CLANG_CXX_LIBRARY = "libc++";
				CLANG_ENABLE_MODULES = YES;
				CLANG_ENABLE_OBJC_ARC = YES;
				CLANG_WARN_BLOCK_CAPTURE_AUTORELEASING = YES;
				CLANG_WARN_BOOL_CONVERSION = YES;
				CLANG_WARN_COMMA = YES;
				CLANG_WARN_CONSTANT_CONVERSION = YES;
				CLANG_WARN_DIRECT_OBJC_ISA_USAGE = YES_ERROR;
				CLANG_WARN_DOCUMENTATION_COMMENTS = YES;
				CLANG_WARN_EMPTY_BODY = YES;
				CLANG_WARN_ENUM_CONVERSION = YES;
				CLANG_WARN_INFINITE_RECURSION = YES;
				CLANG_WARN_INT_CONVERSION = YES;
				CLANG_WARN_NON_LITERAL_NULL_CONVERSION = YES;
				CLANG_WARN_OBJC_LITERAL_CONVERSION = YES;
				CLANG_WARN_OBJC_ROOT_CLASS = YES_ERROR;
				CLANG_WARN_RANGE_LOOP_ANALYSIS = YES;
				CLANG_WARN_STRICT_PROTOTYPES = YES;
				CLANG_WARN_SUSPICIOUS_MOVE = YES;
				CLANG_WARN_UNGUARDED_AVAILABILITY = YES_AGGRESSIVE;
				CLANG_WARN_UNREACHABLE_CODE = YES;
				CLANG_WARN__DUPLICATE_METHOD_MATCH = YES;
				CODE_SIGN_IDENTITY = "iPhone Developer";
				COPY_PHASE_STRIP = NO;
				DEBUG_INFORMATION_FORMAT = "dwarf-with-dsym";
				ENABLE_NS_ASSERTIONS = NO;
				ENABLE_STRICT_OBJC_MSGSEND = YES;
				GCC_C_LANGUAGE_STANDARD = gnu11;
				GCC_NO_COMMON_BLOCKS = YES;
				GCC_WARN_64_TO_32_BIT_CONVERSION = YES;
				GCC_WARN_ABOUT_RETURN_TYPE = YES_ERROR;
				GCC_WARN_UNDECLARED_SELECTOR = YES;
				GCC_WARN_UNINITIALIZED_AUTOS = YES_AGGRESSIVE;
				GCC_WARN_UNUSED_FUNCTION = YES;
				GCC_WARN_UNUSED_VARIABLE = YES;
				IPHONEOS_DEPLOYMENT_TARGET = 11.2;
				MTL_ENABLE_DEBUG_INFO = NO;
				SDKROOT = iphoneos;
				SWIFT_OPTIMIZATION_LEVEL = "-Owholemodule";
				VALIDATE_PRODUCT = YES;
			};
			name = Release;
		};
		8413B3B92061507E00877907 /* Debug */ = {
			isa = XCBuildConfiguration;
			buildSettings = {
				ASSETCATALOG_COMPILER_APPICON_NAME = AppIcon;
				CODE_SIGN_STYLE = Automatic;
				INFOPLIST_FILE = "thinc-5th-hack-ios-tutorial-1/Info.plist";
				LD_RUNPATH_SEARCH_PATHS = "$(inherited) @executable_path/Frameworks";
				PRODUCT_BUNDLE_IDENTIFIER = "com.mrsunboy.thinc-5th-hack-ios-tutorial-1";
				PRODUCT_NAME = "$(TARGET_NAME)";
				SWIFT_VERSION = 4.0;
				TARGETED_DEVICE_FAMILY = "1,2";
			};
			name = Debug;
		};
		8413B3BA2061507E00877907 /* Release */ = {
			isa = XCBuildConfiguration;
			buildSettings = {
				ASSETCATALOG_COMPILER_APPICON_NAME = AppIcon;
				CODE_SIGN_STYLE = Automatic;
				INFOPLIST_FILE = "thinc-5th-hack-ios-tutorial-1/Info.plist";
				LD_RUNPATH_SEARCH_PATHS = "$(inherited) @executable_path/Frameworks";
				PRODUCT_BUNDLE_IDENTIFIER = "com.mrsunboy.thinc-5th-hack-ios-tutorial-1";
				PRODUCT_NAME = "$(TARGET_NAME)";
				SWIFT_VERSION = 4.0;
				TARGETED_DEVICE_FAMILY = "1,2";
			};
			name = Release;
		};
/* End XCBuildConfiguration section */

/* Begin XCConfigurationList section */
		8413B3A12061507D00877907 /* Build configuration list for PBXProject "thinc-5th-hack-ios-tutorial-1" */ = {
			isa = XCConfigurationList;
			buildConfigurations = (
				8413B3B62061507E00877907 /* Debug */,
				8413B3B72061507E00877907 /* Release */,
			);
			defaultConfigurationIsVisible = 0;
			defaultConfigurationName = Release;
		};
		8413B3B82061507E00877907 /* Build configuration list for PBXNativeTarget "thinc-5th-hack-ios-tutorial-1" */ = {
			isa = XCConfigurationList;
			buildConfigurations = (
				8413B3B92061507E00877907 /* Debug */,
				8413B3BA2061507E00877907 /* Release */,
			);
			defaultConfigurationIsVisible = 0;
			defaultConfigurationName = Release;
		};
/* End XCConfigurationList section */
	};
	rootObject = 8413B39E2061507D00877907 /* Project object */;
}
